
Microsoft Visual Studio Solution File, Format Version 12.00
# Visual Studio Version 17
VisualStudioVersion = 17.3.32922.545
MinimumVisualStudioVersion = 10.0.40219.1
Project("{9092AA53-FB77-4645-B42D-1CCCA6BD08BD}") = "FancyFontsChangerBot", "FancyFontsChangerBot.njsproj", "{10B593AD-3F8C-4E7F-B083-DD58BE896AAA}"
EndProject
Global
	GlobalSection(SolutionConfigurationPlatforms) = preSolution
		Debug|Any CPU = Debug|Any CPU
		Release|Any CPU = Release|Any CPU
	EndGlobalSection
	GlobalSection(ProjectConfigurationPlatforms) = postSolution
		{10B593AD-3F8C-4E7F-B083-DD58BE896AAA}.Debug|Any CPU.ActiveCfg = Debug|Any CPU
		{10B593AD-3F8C-4E7F-B083-DD58BE896AAA}.Debug|Any CPU.Build.0 = Debug|Any CPU
		{10B593AD-3F8C-4E7F-B083-DD58BE896AAA}.Release|Any CPU.ActiveCfg = Release|Any CPU
		{10B593AD-3F8C-4E7F-B083-DD58BE896AAA}.Release|Any CPU.Build.0 = Release|Any CPU
	EndGlobalSection
	GlobalSection(SolutionProperties) = preSolution
		HideSolutionNode = FALSE
	EndGlobalSection
	GlobalSection(ExtensibilityGlobals) = postSolution
		SolutionGuid = {7EA1DC74-DCFA-4060-8A94-32B33EBF7051}
	EndGlobalSection
EndGlobal
